
Microsoft Visual Studio Solution File, Format Version 12.00
# Visual Studio Version 16
VisualStudioVersion = 16.0.30804.86
MinimumVisualStudioVersion = 10.0.40219.1
Project("{9A19103F-16F7-4668-BE54-9A1E7A4F7556}") = "QuantifeedInterview", "QuantifeedInterview\QuantifeedInterview.csproj", "{7DF174F9-3FC8-4D34-A8B0-D5D100FF465E}"
EndProject
Project("{9A19103F-16F7-4668-BE54-9A1E7A4F7556}") = "QuantifeedInterviewLib", "QuantifeedInterviewLib\QuantifeedInterviewLib.csproj", "{0A460C36-2DE3-4275-9377-7EF0EAF531A6}"
EndProject
Project("{9A19103F-16F7-4668-BE54-9A1E7A4F7556}") = "QuantifeedInterview.Tests", "QuantifeedInterview.Tests\QuantifeedInterview.Tests.csproj", "{17C5F14A-2B2F-44A0-B143-D88F7C307717}"
EndProject
Global
	GlobalSection(SolutionConfigurationPlatforms) = preSolution
		Debug|Any CPU = Debug|Any CPU
		Release|Any CPU = Release|Any CPU
	EndGlobalSection
	GlobalSection(ProjectConfigurationPlatforms) = postSolution
		{7DF174F9-3FC8-4D34-A8B0-D5D100FF465E}.Debug|Any CPU.ActiveCfg = Debug|Any CPU
		{7DF174F9-3FC8-4D34-A8B0-D5D100FF465E}.Debug|Any CPU.Build.0 = Debug|Any CPU
		{7DF174F9-3FC8-4D34-A8B0-D5D100FF465E}.Release|Any CPU.ActiveCfg = Release|Any CPU
		{7DF174F9-3FC8-4D34-A8B0-D5D100FF465E}.Release|Any CPU.Build.0 = Release|Any CPU
		{0A460C36-2DE3-4275-9377-7EF0EAF531A6}.Debug|Any CPU.ActiveCfg = Debug|Any CPU
		{0A460C36-2DE3-4275-9377-7EF0EAF531A6}.Debug|Any CPU.Build.0 = Debug|Any CPU
		{0A460C36-2DE3-4275-9377-7EF0EAF531A6}.Release|Any CPU.ActiveCfg = Release|Any CPU
		{0A460C36-2DE3-4275-9377-7EF0EAF531A6}.Release|Any CPU.Build.0 = Release|Any CPU
		{17C5F14A-2B2F-44A0-B143-D88F7C307717}.Debug|Any CPU.ActiveCfg = Debug|Any CPU
		{17C5F14A-2B2F-44A0-B143-D88F7C307717}.Debug|Any CPU.Build.0 = Debug|Any CPU
		{17C5F14A-2B2F-44A0-B143-D88F7C307717}.Release|Any CPU.ActiveCfg = Release|Any CPU
		{17C5F14A-2B2F-44A0-B143-D88F7C307717}.Release|Any CPU.Build.0 = Release|Any CPU
	EndGlobalSection
	GlobalSection(SolutionProperties) = preSolution
		HideSolutionNode = FALSE
	EndGlobalSection
	GlobalSection(ExtensibilityGlobals) = postSolution
		SolutionGuid = {59AAF85B-9E10-4D0A-B751-152E8DE009C1}
	EndGlobalSection
EndGlobal
